
Microsoft Visual Studio Solution File, Format Version 12.00
# Visual Studio Version 17
VisualStudioVersion = 17.3.32811.315
MinimumVisualStudioVersion = 10.0.40219.1
Project("{FAE04EC0-301F-11D3-BF4B-00C04F79EFBC}") = "Csaladfa", "Csaladfa.csproj", "{8F0D41CF-8B18-4F20-A3C8-C0EAC9126607}"
EndProject
Global
	GlobalSection(SolutionConfigurationPlatforms) = preSolution
		Debug|Any CPU = Debug|Any CPU
		Release|Any CPU = Release|Any CPU
	EndGlobalSection
	GlobalSection(ProjectConfigurationPlatforms) = postSolution
		{8F0D41CF-8B18-4F20-A3C8-C0EAC9126607}.Debug|Any CPU.ActiveCfg = Debug|Any CPU
		{8F0D41CF-8B18-4F20-A3C8-C0EAC9126607}.Debug|Any CPU.Build.0 = Debug|Any CPU
		{8F0D41CF-8B18-4F20-A3C8-C0EAC9126607}.Release|Any CPU.ActiveCfg = Release|Any CPU
		{8F0D41CF-8B18-4F20-A3C8-C0EAC9126607}.Release|Any CPU.Build.0 = Release|Any CPU
	EndGlobalSection
	GlobalSection(SolutionProperties) = preSolution
		HideSolutionNode = FALSE
	EndGlobalSection
	GlobalSection(ExtensibilityGlobals) = postSolution
		SolutionGuid = {AFEC52E7-DF1F-4A76-9F4C-2C6C7ECF03E4}
	EndGlobalSection
EndGlobal
